# @generated - this file is auto-generated by `mise lock` https://mise.jdx.dev/dev-tools/mise-lock.html

[[tools.aube]]
version = "1.0.0-beta.11"
backend = "github:endevco/aube"

[tools.aube."platforms.linux-arm64"]
checksum = "sha256:9ea60d200d001f617acd49c5ca827716117c9fb5334abaf3e50fb79296de1d6b"
url = "https://github.com/endevco/aube/releases/download/v1.0.0-beta.11/aube-v1.0.0-beta.11-aarch64-unknown-linux-gnu.tar.gz"
url_api = "https://api.github.com/repos/endevco/aube/releases/assets/401716091"

[tools.aube."platforms.linux-arm64-musl"]
checksum = "sha256:9ea60d200d001f617acd49c5ca827716117c9fb5334abaf3e50fb79296de1d6b"
url = "https://github.com/endevco/aube/releases/download/v1.0.0-beta.11/aube-v1.0.0-beta.11-aarch64-unknown-linux-gnu.tar.gz"
url_api = "https://api.github.com/repos/endevco/aube/releases/assets/401716091"

[tools.aube."platforms.linux-x64"]
checksum = "sha256:c9d15fb087326074599c6d9e45139f9b243ae051b03023d4e8804caf952ae365"
url = "https://github.com/endevco/aube/releases/download/v1.0.0-beta.11/aube-v1.0.0-beta.11-x86_64-unknown-linux-gnu.tar.gz"
url_api = "https://api.github.com/repos/endevco/aube/releases/assets/401716051"

[tools.aube."platforms.linux-x64-musl"]
checksum = "sha256:c9d15fb087326074599c6d9e45139f9b243ae051b03023d4e8804caf952ae365"
url = "https://github.com/endevco/aube/releases/download/v1.0.0-beta.11/aube-v1.0.0-beta.11-x86_64-unknown-linux-gnu.tar.gz"
url_api = "https://api.github.com/repos/endevco/aube/releases/assets/401716051"

[tools.aube."platforms.macos-arm64"]
checksum = "sha256:9c0ad71d8f394758b0bedca1797649774a0fa209eed7aa66c40c0b1c9e50aae6"
url = "https://github.com/endevco/aube/releases/download/v1.0.0-beta.11/aube-v1.0.0-beta.11-aarch64-apple-darwin.tar.gz"
url_api = "https://api.github.com/repos/endevco/aube/releases/assets/401716623"

[tools.aube."platforms.windows-x64"]
checksum = "sha256:ae27f5aa773f0e6e177a2b9ce20dc35ea1136cde17f4f1c61e85f687920de00f"
url = "https://github.com/endevco/aube/releases/download/v1.0.0-beta.11/aube-v1.0.0-beta.11-x86_64-pc-windows-msvc.zip"
url_api = "https://api.github.com/repos/endevco/aube/releases/assets/401717682"

[[tools.aube]]
version = "1.0.0-beta.12"
backend = "github:endevco/aube"

[tools.aube."platforms.linux-arm64"]
checksum = "sha256:2090ca7a5ee569b9077f2c4f50714de310067e0abc5cb033f91ff95c486ca5c7"
url = "https://github.com/endevco/aube/releases/download/v1.0.0-beta.12/aube-v1.0.0-beta.12-aarch64-unknown-linux-gnu.tar.gz"
url_api = "https://api.github.com/repos/endevco/aube/releases/assets/402905100"

[tools.aube."platforms.linux-arm64-musl"]
checksum = "sha256:3ef377be36638a666afad7f242260469a4293d0ae591a17cf5b740a255099faf"
url = "https://github.com/endevco/aube/releases/download/v1.0.0-beta.12/aube-v1.0.0-beta.12-aarch64-unknown-linux-musl.tar.gz"
url_api = "https://api.github.com/repos/endevco/aube/releases/assets/402905297"

[tools.aube."platforms.linux-x64"]
checksum = "sha256:023cd7f1493e0a880c5311b56643b0020968e5292c7a6c8a530560f9ea0165a5"
url = "https://github.com/endevco/aube/releases/download/v1.0.0-beta.12/aube-v1.0.0-beta.12-x86_64-unknown-linux-gnu.tar.gz"
url_api = "https://api.github.com/repos/endevco/aube/releases/assets/402905001"

[tools.aube."platforms.linux-x64-musl"]
checksum = "sha256:865202821e0489ba50b1ed5261c1b8a4e71ce1051806ab25349f6d8239b099e7"
url = "https://github.com/endevco/aube/releases/download/v1.0.0-beta.12/aube-v1.0.0-beta.12-x86_64-unknown-linux-musl.tar.gz"
url_api = "https://api.github.com/repos/endevco/aube/releases/assets/402905104"

[tools.aube."platforms.macos-arm64"]
checksum = "sha256:2c68f0453bee40bf6e3b990b4f47b9337ce77fac717820e8e3adb272d129004b"
url = "https://github.com/endevco/aube/releases/download/v1.0.0-beta.12/aube-v1.0.0-beta.12-aarch64-apple-darwin.tar.gz"
url_api = "https://api.github.com/repos/endevco/aube/releases/assets/402905355"

[tools.aube."platforms.windows-x64"]
checksum = "sha256:24297909de34f8a129ea8948cd4b8d62dadc22ef8926d5938d94be1a95c8db1a"
url = "https://github.com/endevco/aube/releases/download/v1.0.0-beta.12/aube-v1.0.0-beta.12-x86_64-pc-windows-msvc.zip"
url_api = "https://api.github.com/repos/endevco/aube/releases/assets/402907813"

[[tools.claude-code]]
version = "2.1.117"
backend = "aqua:anthropics/claude-code"

[tools.claude-code."platforms.linux-arm64"]
url = "https://storage.googleapis.com/claude-code-dist-86c565f3-f756-42ad-8dfa-d59b1c096819/claude-code-releases/2.1.117/linux-arm64/claude"

[tools.claude-code."platforms.linux-arm64-musl"]
url = "https://storage.googleapis.com/claude-code-dist-86c565f3-f756-42ad-8dfa-d59b1c096819/claude-code-releases/2.1.117/linux-arm64/claude"

[tools.claude-code."platforms.linux-x64"]
url = "https://storage.googleapis.com/claude-code-dist-86c565f3-f756-42ad-8dfa-d59b1c096819/claude-code-releases/2.1.117/linux-x64/claude"

[tools.claude-code."platforms.linux-x64-musl"]
url = "https://storage.googleapis.com/claude-code-dist-86c565f3-f756-42ad-8dfa-d59b1c096819/claude-code-releases/2.1.117/linux-x64/claude"

[tools.claude-code."platforms.macos-arm64"]
url = "https://storage.googleapis.com/claude-code-dist-86c565f3-f756-42ad-8dfa-d59b1c096819/claude-code-releases/2.1.117/darwin-arm64/claude"

[tools.claude-code."platforms.macos-x64"]
url = "https://storage.googleapis.com/claude-code-dist-86c565f3-f756-42ad-8dfa-d59b1c096819/claude-code-releases/2.1.117/darwin-x64/claude"

[[tools.go]]
version = "1.26.2"
backend = "core:go"

[tools.go."platforms.linux-arm64"]
checksum = "sha256:c958a1fe1b361391db163a485e21f5f228142d6f8b584f6bef89b26f66dc5b23"
url = "https://dl.google.com/go/go1.26.2.linux-arm64.tar.gz"

[tools.go."platforms.linux-arm64-musl"]
checksum = "sha256:c958a1fe1b361391db163a485e21f5f228142d6f8b584f6bef89b26f66dc5b23"
url = "https://dl.google.com/go/go1.26.2.linux-arm64.tar.gz"

[tools.go."platforms.linux-x64"]
checksum = "sha256:990e6b4bbba816dc3ee129eaeaf4b42f17c2800b88a2166c265ac1a200262282"
url = "https://dl.google.com/go/go1.26.2.linux-amd64.tar.gz"

[tools.go."platforms.linux-x64-musl"]
checksum = "sha256:990e6b4bbba816dc3ee129eaeaf4b42f17c2800b88a2166c265ac1a200262282"
url = "https://dl.google.com/go/go1.26.2.linux-amd64.tar.gz"

[tools.go."platforms.macos-arm64"]
checksum = "sha256:32af1522bf3e3ff3975864780a429cc0b41d190ec7bf90faa661d6d64566e7af"
url = "https://dl.google.com/go/go1.26.2.darwin-arm64.tar.gz"

[tools.go."platforms.macos-x64"]
checksum = "sha256:bc3f1500d9968c36d705442d90ba91addf9271665033748b82532682e90a7966"
url = "https://dl.google.com/go/go1.26.2.darwin-amd64.tar.gz"

[tools.go."platforms.windows-x64"]
checksum = "sha256:98eb3570bade15cb826b0909338df6cc6d2cf590bc39c471142002db3832b708"
url = "https://dl.google.com/go/go1.26.2.windows-amd64.zip"

[[tools."go:golang.org/x/tools/cmd/goimports"]]
version = "0.44.0"
backend = "go:golang.org/x/tools/cmd/goimports"

[[tools.golangci-lint]]
version = "2.11.4"
backend = "aqua:golangci/golangci-lint"

[tools.golangci-lint."platforms.linux-arm64"]
checksum = "sha256:3bcfa2e6f3d32b2bf5cd75eaa876447507025e0303698633f722a05331988db4"
url = "https://github.com/golangci/golangci-lint/releases/download/v2.11.4/golangci-lint-2.11.4-linux-arm64.tar.gz"
provenance = "github-attestations"

[tools.golangci-lint."platforms.linux-arm64-musl"]
checksum = "sha256:3bcfa2e6f3d32b2bf5cd75eaa876447507025e0303698633f722a05331988db4"
url = "https://github.com/golangci/golangci-lint/releases/download/v2.11.4/golangci-lint-2.11.4-linux-arm64.tar.gz"
provenance = "github-attestations"

[tools.golangci-lint."platforms.linux-x64"]
checksum = "sha256:200c5b7503f67b59a6743ccf32133026c174e272b930ee79aa2aa6f37aca7ef1"
url = "https://github.com/golangci/golangci-lint/releases/download/v2.11.4/golangci-lint-2.11.4-linux-amd64.tar.gz"
provenance = "github-attestations"

[tools.golangci-lint."platforms.linux-x64-musl"]
checksum = "sha256:200c5b7503f67b59a6743ccf32133026c174e272b930ee79aa2aa6f37aca7ef1"
url = "https://github.com/golangci/golangci-lint/releases/download/v2.11.4/golangci-lint-2.11.4-linux-amd64.tar.gz"
provenance = "github-attestations"

[tools.golangci-lint."platforms.macos-arm64"]
checksum = "sha256:02db2a2dae8b26812e53b0688a6f617e3ef1f489790e829ea22862cf76945675"
url = "https://github.com/golangci/golangci-lint/releases/download/v2.11.4/golangci-lint-2.11.4-darwin-arm64.tar.gz"
provenance = "github-attestations"

[tools.golangci-lint."platforms.macos-x64"]
checksum = "sha256:c900d4048db75d1edfd550fd11cf6a9b3008e7caa8e119fcddbc700412d63e60"
url = "https://github.com/golangci/golangci-lint/releases/download/v2.11.4/golangci-lint-2.11.4-darwin-amd64.tar.gz"
provenance = "github-attestations"

[tools.golangci-lint."platforms.windows-x64"]
checksum = "sha256:4932cfca5e75bf60fe1c576edf459e5e809e6644664a068185d64b84af3fad9e"
url = "https://github.com/golangci/golangci-lint/releases/download/v2.11.4/golangci-lint-2.11.4-windows-amd64.zip"
provenance = "github-attestations"

[[tools.lua]]
version = "5.4.8"
backend = "asdf:lua"

[[tools.node]]
version = "25.9.0"
backend = "core:node"

[tools.node."platforms.linux-arm64"]
checksum = "sha256:8fb4283301b8c720fc9f18bffff0f659e72cc14d0cf207a3bb411808aaa73a57"
url = "https://nodejs.org/dist/v25.9.0/node-v25.9.0-linux-arm64.tar.gz"

[tools.node."platforms.linux-arm64-musl"]
checksum = "sha256:8fb4283301b8c720fc9f18bffff0f659e72cc14d0cf207a3bb411808aaa73a57"
url = "https://nodejs.org/dist/v25.9.0/node-v25.9.0-linux-arm64.tar.gz"

[tools.node."platforms.linux-x64"]
checksum = "sha256:134e55b2408448a219760fe04dc44d6851f9de8a79549021ffd870e9082d9e7b"
url = "https://nodejs.org/dist/v25.9.0/node-v25.9.0-linux-x64.tar.gz"

[tools.node."platforms.linux-x64-musl"]
checksum = "sha256:134e55b2408448a219760fe04dc44d6851f9de8a79549021ffd870e9082d9e7b"
url = "https://nodejs.org/dist/v25.9.0/node-v25.9.0-linux-x64.tar.gz"

[tools.node."platforms.macos-arm64"]
checksum = "sha256:e479f3c469d3d9303a44f00a8ea37a3788395d171bb8059c48a4bbbd2e371b59"
url = "https://nodejs.org/dist/v25.9.0/node-v25.9.0-darwin-arm64.tar.gz"

[tools.node."platforms.macos-x64"]
checksum = "sha256:7d737b53ce191142bfa1c17cfa5b070d96e84eebf76b8dd06d84981cbdc3f7e3"
url = "https://nodejs.org/dist/v25.9.0/node-v25.9.0-darwin-x64.tar.gz"

[tools.node."platforms.windows-x64"]
checksum = "sha256:929552b8305effac843ba7b4270c437aefb702fc3fbd73fcd1bffd35d4ac284e"
url = "https://nodejs.org/dist/v25.9.0/node-v25.9.0-win-x64.zip"

[[tools."npm:@mcpjam/inspector"]]
version = "2.3.0"
backend = "npm:@mcpjam/inspector"

[[tools."npm:@mermaid-js/mermaid-cli"]]
version = "11.12.0"
backend = "npm:@mermaid-js/mermaid-cli"

[[tools."npm:@openai/codex"]]
version = "0.122.0"
backend = "npm:@openai/codex"

[[tools."npm:ccstatusline"]]
version = "2.2.8"
backend = "npm:ccstatusline"

[[tools."npm:chrome-devtools-mcp"]]
version = "0.23.0"
backend = "npm:chrome-devtools-mcp"

[[tools."npm:jwt-cli"]]
version = "2.0.0"
backend = "npm:jwt-cli"

[[tools."npm:mcp-hub"]]
version = "4.2.1"
backend = "npm:mcp-hub"

[[tools."npm:prettier"]]
version = "3.8.3"
backend = "npm:prettier"

[[tools."npm:sort-package-json"]]
version = "3.6.1"
backend = "npm:sort-package-json"

[[tools.opencode]]
version = "1.14.20"
backend = "aqua:anomalyco/opencode"

[tools.opencode."platforms.linux-arm64"]
checksum = "sha256:3ca509044e06b8e7dacf08de735addee400788f80729c333fbf4581d0f77b4d3"
url = "https://github.com/anomalyco/opencode/releases/download/v1.14.20/opencode-linux-arm64.tar.gz"

[tools.opencode."platforms.linux-arm64-musl"]
checksum = "sha256:3ca509044e06b8e7dacf08de735addee400788f80729c333fbf4581d0f77b4d3"
url = "https://github.com/anomalyco/opencode/releases/download/v1.14.20/opencode-linux-arm64.tar.gz"

[tools.opencode."platforms.linux-x64"]
checksum = "sha256:1707133022382ea8c8cc5bc47ab1db52fa206bd9baf8d3ad4d862b489dbb448f"
url = "https://github.com/anomalyco/opencode/releases/download/v1.14.20/opencode-linux-x64.tar.gz"

[tools.opencode."platforms.linux-x64-musl"]
checksum = "sha256:1707133022382ea8c8cc5bc47ab1db52fa206bd9baf8d3ad4d862b489dbb448f"
url = "https://github.com/anomalyco/opencode/releases/download/v1.14.20/opencode-linux-x64.tar.gz"

[tools.opencode."platforms.macos-arm64"]
checksum = "sha256:e6124c5c73576c678d24b09657b73281d96d67fc1c4ddd4714062811c51c81d5"
url = "https://github.com/anomalyco/opencode/releases/download/v1.14.20/opencode-darwin-arm64.zip"

[tools.opencode."platforms.macos-x64"]
checksum = "sha256:2d07563b69b6599507620d3aed1be8d49aacb8c11e66646617bb5f3f735d69a1"
url = "https://github.com/anomalyco/opencode/releases/download/v1.14.20/opencode-darwin-x64.zip"

[tools.opencode."platforms.windows-x64"]
checksum = "sha256:15f13c9ec92181c10053cbc7d44630d11c0b626ef2c240d90ea871320d58d1ed"
url = "https://github.com/anomalyco/opencode/releases/download/v1.14.20/opencode-windows-x64.zip"

[[tools.pipx]]
version = "1.11.1"
backend = "aqua:pypa/pipx"

[tools.pipx."platforms.linux-arm64"]
checksum = "sha256:60c947d2449af642c17079a2119ef87e426ad83967b8bb223bb27c802fc29ccd"
url = "https://github.com/pypa/pipx/releases/download/1.11.1/pipx.pyz"

[tools.pipx."platforms.linux-arm64-musl"]
checksum = "sha256:60c947d2449af642c17079a2119ef87e426ad83967b8bb223bb27c802fc29ccd"
url = "https://github.com/pypa/pipx/releases/download/1.11.1/pipx.pyz"

[tools.pipx."platforms.linux-x64"]
checksum = "sha256:60c947d2449af642c17079a2119ef87e426ad83967b8bb223bb27c802fc29ccd"
url = "https://github.com/pypa/pipx/releases/download/1.11.1/pipx.pyz"

[tools.pipx."platforms.linux-x64-musl"]
checksum = "sha256:60c947d2449af642c17079a2119ef87e426ad83967b8bb223bb27c802fc29ccd"
url = "https://github.com/pypa/pipx/releases/download/1.11.1/pipx.pyz"

[tools.pipx."platforms.macos-arm64"]
checksum = "sha256:60c947d2449af642c17079a2119ef87e426ad83967b8bb223bb27c802fc29ccd"
url = "https://github.com/pypa/pipx/releases/download/1.11.1/pipx.pyz"

[tools.pipx."platforms.macos-x64"]
checksum = "sha256:60c947d2449af642c17079a2119ef87e426ad83967b8bb223bb27c802fc29ccd"
url = "https://github.com/pypa/pipx/releases/download/1.11.1/pipx.pyz"

[[tools."pipx:petname"]]
version = "2.9"
backend = "pipx:petname"

[[tools."pipx:sqlit-tui"]]
version = "1.4.0"
backend = "pipx:sqlit-tui"

[[tools.pnpm]]
version = "10.33.1"
backend = "aqua:pnpm/pnpm"

[tools.pnpm."platforms.linux-arm64"]
checksum = "sha256:ed8aa7901cf325f4cf5019405bdd6bf988426e4b23d08fe9b12ea4df7046f23e"
url = "https://github.com/pnpm/pnpm/releases/download/v10.33.1/pnpm-linux-arm64"

[tools.pnpm."platforms.linux-arm64-musl"]
checksum = "sha256:ed8aa7901cf325f4cf5019405bdd6bf988426e4b23d08fe9b12ea4df7046f23e"
url = "https://github.com/pnpm/pnpm/releases/download/v10.33.1/pnpm-linux-arm64"

[tools.pnpm."platforms.linux-x64"]
checksum = "sha256:fba950842532edd365e949b74643b64e6311089a45532dbe1e8f909a247fe3e9"
url = "https://github.com/pnpm/pnpm/releases/download/v10.33.1/pnpm-linux-x64"

[tools.pnpm."platforms.linux-x64-musl"]
checksum = "sha256:fba950842532edd365e949b74643b64e6311089a45532dbe1e8f909a247fe3e9"
url = "https://github.com/pnpm/pnpm/releases/download/v10.33.1/pnpm-linux-x64"

[tools.pnpm."platforms.macos-arm64"]
checksum = "sha256:909ced0038b00881d4d620ba2018c5d9691de373deea8e3c84b722b44324e47c"
url = "https://github.com/pnpm/pnpm/releases/download/v10.33.1/pnpm-macos-arm64"

[tools.pnpm."platforms.macos-x64"]
checksum = "sha256:afdad60b83f4f482f4c95cc79325f29aef776d0922a324f023a312f40e0cc7d3"
url = "https://github.com/pnpm/pnpm/releases/download/v10.33.1/pnpm-macos-x64"

[tools.pnpm."platforms.windows-x64"]
checksum = "sha256:67b23fd8c6800566b1cc04c446b170ff6e7977250084e4d8df9bfdbd8e6f4d02"
url = "https://github.com/pnpm/pnpm/releases/download/v10.33.1/pnpm-win-x64.exe"

[[tools.python]]
version = "3.14.4"
backend = "core:python"

[tools.python."platforms.linux-arm64"]
checksum = "sha256:b8b597fdb2f8dccdc502c11947b60a4b65eb6bce79cfa60c7ccf9b6e8352c60a"
url = "https://github.com/astral-sh/python-build-standalone/releases/download/20260414/cpython-3.14.4+20260414-aarch64-unknown-linux-gnu-install_only_stripped.tar.gz"
provenance = "github-attestations"

[tools.python."platforms.linux-arm64-musl"]
checksum = "sha256:b8b597fdb2f8dccdc502c11947b60a4b65eb6bce79cfa60c7ccf9b6e8352c60a"
url = "https://github.com/astral-sh/python-build-standalone/releases/download/20260414/cpython-3.14.4+20260414-aarch64-unknown-linux-gnu-install_only_stripped.tar.gz"
provenance = "github-attestations"

[tools.python."platforms.linux-x64"]
checksum = "sha256:fe9a9c32d13870af632cbac3dfc7528ae53597e94472aa4c7d6a42e8166136cd"
url = "https://github.com/astral-sh/python-build-standalone/releases/download/20260414/cpython-3.14.4+20260414-x86_64-unknown-linux-gnu-install_only_stripped.tar.gz"
provenance = "github-attestations"

[tools.python."platforms.linux-x64-musl"]
checksum = "sha256:fe9a9c32d13870af632cbac3dfc7528ae53597e94472aa4c7d6a42e8166136cd"
url = "https://github.com/astral-sh/python-build-standalone/releases/download/20260414/cpython-3.14.4+20260414-x86_64-unknown-linux-gnu-install_only_stripped.tar.gz"
provenance = "github-attestations"

[tools.python."platforms.macos-arm64"]
checksum = "sha256:6f304f4ec30854611f23316578302235fb517cd970519ecdd11a8c4db87fd843"
url = "https://github.com/astral-sh/python-build-standalone/releases/download/20260414/cpython-3.14.4+20260414-aarch64-apple-darwin-install_only_stripped.tar.gz"
provenance = "github-attestations"

[tools.python."platforms.macos-x64"]
checksum = "sha256:d51250a32fa5d9f0799c7bcb71720c27b10a3afd4a7de288120f96085d508a5a"
url = "https://github.com/astral-sh/python-build-standalone/releases/download/20260414/cpython-3.14.4+20260414-x86_64-apple-darwin-install_only_stripped.tar.gz"
provenance = "github-attestations"

[tools.python."platforms.windows-x64"]
checksum = "sha256:a976991dcd085c1bb5d9a8084823a6bc8b7f9b079d8c432574a6ddd68c3a6fe1"
url = "https://github.com/astral-sh/python-build-standalone/releases/download/20260414/cpython-3.14.4+20260414-x86_64-pc-windows-msvc-install_only_stripped.tar.gz"
provenance = "github-attestations"

[[tools.rust]]
version = "1.95.0"
backend = "core:rust"

[[tools.usage]]
version = "3.2.1"
backend = "aqua:jdx/usage"

[tools.usage."platforms.linux-arm64"]
checksum = "sha256:c5a237c272e3b08d05a698aa37e6775ab36152e12e74084363c7a230d9fc7070"
url = "https://github.com/jdx/usage/releases/download/v3.2.1/usage-aarch64-unknown-linux-musl.tar.gz"

[tools.usage."platforms.linux-arm64-musl"]
checksum = "sha256:c5a237c272e3b08d05a698aa37e6775ab36152e12e74084363c7a230d9fc7070"
url = "https://github.com/jdx/usage/releases/download/v3.2.1/usage-aarch64-unknown-linux-musl.tar.gz"

[tools.usage."platforms.linux-x64"]
checksum = "sha256:aea16298c6fa7d13e10a04ce7a9e7c743a1d49151a7065aa3f80697c56a89452"
url = "https://github.com/jdx/usage/releases/download/v3.2.1/usage-x86_64-unknown-linux-musl.tar.gz"

[tools.usage."platforms.linux-x64-musl"]
checksum = "sha256:aea16298c6fa7d13e10a04ce7a9e7c743a1d49151a7065aa3f80697c56a89452"
url = "https://github.com/jdx/usage/releases/download/v3.2.1/usage-x86_64-unknown-linux-musl.tar.gz"

[tools.usage."platforms.macos-arm64"]
checksum = "sha256:94c0b8a913618e24c0bc8002a688112210ec3f5e8bbb5431a2687eed9fad2dff"
url = "https://github.com/jdx/usage/releases/download/v3.2.1/usage-universal-apple-darwin.tar.gz"

[tools.usage."platforms.macos-x64"]
checksum = "sha256:94c0b8a913618e24c0bc8002a688112210ec3f5e8bbb5431a2687eed9fad2dff"
url = "https://github.com/jdx/usage/releases/download/v3.2.1/usage-universal-apple-darwin.tar.gz"

[tools.usage."platforms.windows-x64"]
checksum = "sha256:9ac550ddcb67c1bb30e76fbf04126d50704004fc7850e7fa1aaa6994ce4601f5"
url = "https://github.com/jdx/usage/releases/download/v3.2.1/usage-x86_64-pc-windows-msvc.zip"

[[tools.uv]]
version = "0.11.7"
backend = "asdf:uv"
