# @generated - this file is auto-generated by `mise lock` https://mise.en.dev/dev-tools/mise-lock.html

[[tools.aube]]
version = "1.23.0"
backend = "github:endevco/aube"

[tools.aube."platforms.linux-arm64"]
checksum = "sha256:b87a1ea2e4d315e5f0e9d04ed7832dc95bcaf75fccb4f12ab5ee7d0707804521"
url = "https://github.com/jdx/aube/releases/download/v1.23.0/aube-v1.23.0-aarch64-unknown-linux-gnu.tar.gz"
url_api = "https://api.github.com/repos/jdx/aube/releases/assets/453784100"
provenance = "github-attestations"

[tools.aube."platforms.linux-arm64-musl"]
checksum = "sha256:09994cbfca71785c899014aa81386bbff1ee26d8346b1f059310d0420edb9784"
url = "https://github.com/jdx/aube/releases/download/v1.23.0/aube-v1.23.0-aarch64-unknown-linux-musl.tar.gz"
url_api = "https://api.github.com/repos/jdx/aube/releases/assets/453769709"
provenance = "github-attestations"

[tools.aube."platforms.linux-x64"]
checksum = "sha256:6d20fa6f57ca29f44f3efd1bf8a6618db9ee7386be51f5e78a513ca815af8d0a"
url = "https://github.com/jdx/aube/releases/download/v1.23.0/aube-v1.23.0-x86_64-unknown-linux-gnu.tar.gz"
url_api = "https://api.github.com/repos/jdx/aube/releases/assets/453776930"
provenance = "github-attestations"

[tools.aube."platforms.linux-x64-musl"]
checksum = "sha256:3ea3a011c8df28824e5b9f7ec564a28495fb4230c1d28200eab075e349bfabfe"
url = "https://github.com/jdx/aube/releases/download/v1.23.0/aube-v1.23.0-x86_64-unknown-linux-musl.tar.gz"
url_api = "https://api.github.com/repos/jdx/aube/releases/assets/453774848"
provenance = "github-attestations"

[tools.aube."platforms.macos-arm64"]
checksum = "sha256:a686654da91b0a254460d034c0b14c99182aa394e41e7969af9b619cac5c9cbe"
url = "https://github.com/jdx/aube/releases/download/v1.23.0/aube-v1.23.0-aarch64-apple-darwin.tar.gz"
url_api = "https://api.github.com/repos/jdx/aube/releases/assets/453793352"
provenance = "github-attestations"

[tools.aube."platforms.windows-x64"]
checksum = "sha256:e6fa607be0170f5408813e9a4f68dd9c1fbf5b61bff228c6c33603335d3c3719"
url = "https://github.com/jdx/aube/releases/download/v1.23.0/aube-v1.23.0-x86_64-pc-windows-msvc.zip"
url_api = "https://api.github.com/repos/jdx/aube/releases/assets/453779183"
provenance = "github-attestations"

[[tools.claude-code]]
version = "2.1.185"
backend = "aqua:anthropics/claude-code"

[tools.claude-code."platforms.linux-arm64"]
url = "https://storage.googleapis.com/claude-code-dist-86c565f3-f756-42ad-8dfa-d59b1c096819/claude-code-releases/2.1.185/linux-arm64/claude"

[tools.claude-code."platforms.linux-arm64-musl"]
url = "https://storage.googleapis.com/claude-code-dist-86c565f3-f756-42ad-8dfa-d59b1c096819/claude-code-releases/2.1.185/linux-arm64-musl/claude"

[tools.claude-code."platforms.linux-x64"]
url = "https://storage.googleapis.com/claude-code-dist-86c565f3-f756-42ad-8dfa-d59b1c096819/claude-code-releases/2.1.185/linux-x64/claude"

[tools.claude-code."platforms.linux-x64-musl"]
url = "https://storage.googleapis.com/claude-code-dist-86c565f3-f756-42ad-8dfa-d59b1c096819/claude-code-releases/2.1.185/linux-x64-musl/claude"

[tools.claude-code."platforms.macos-arm64"]
checksum = "blake3:129c66a7c560227b95e18ab068054621d0aba8248206b6b03817e60dd7daaa15"
url = "https://storage.googleapis.com/claude-code-dist-86c565f3-f756-42ad-8dfa-d59b1c096819/claude-code-releases/2.1.185/darwin-arm64/claude"

[tools.claude-code."platforms.macos-x64"]
url = "https://storage.googleapis.com/claude-code-dist-86c565f3-f756-42ad-8dfa-d59b1c096819/claude-code-releases/2.1.185/darwin-x64/claude"

[[tools.go]]
version = "1.26.4"
backend = "core:go"

[tools.go."platforms.linux-arm64"]
checksum = "sha256:ef758ae7c6cf9267c9c0ef080b8965f453d89ab2d25d9eb22de4405925238768"
url = "https://dl.google.com/go/go1.26.4.linux-arm64.tar.gz"

[tools.go."platforms.linux-arm64-musl"]
checksum = "sha256:ef758ae7c6cf9267c9c0ef080b8965f453d89ab2d25d9eb22de4405925238768"
url = "https://dl.google.com/go/go1.26.4.linux-arm64.tar.gz"

[tools.go."platforms.linux-x64"]
checksum = "sha256:1153d3d50e0ac764b447adfe05c2bcf08e889d42a02e0fe0259bd47f6733ad7f"
url = "https://dl.google.com/go/go1.26.4.linux-amd64.tar.gz"

[tools.go."platforms.linux-x64-musl"]
checksum = "sha256:1153d3d50e0ac764b447adfe05c2bcf08e889d42a02e0fe0259bd47f6733ad7f"
url = "https://dl.google.com/go/go1.26.4.linux-amd64.tar.gz"

[tools.go."platforms.macos-arm64"]
checksum = "sha256:b62ad2b6d7d2464f12a5bcad7ff47f19d08325773b5efd21610e445a05a9bf53"
url = "https://dl.google.com/go/go1.26.4.darwin-arm64.tar.gz"

[tools.go."platforms.macos-x64"]
checksum = "sha256:05dc9b5f9997744520aaebb3d5deaa7c755371aebbfb7f97c2511a9f3367538d"
url = "https://dl.google.com/go/go1.26.4.darwin-amd64.tar.gz"

[tools.go."platforms.windows-x64"]
checksum = "sha256:3ca8fb4630b07c419cbdd51f754e31363cfcfb83b3a5354d9e895c90be2cc345"
url = "https://dl.google.com/go/go1.26.4.windows-amd64.zip"

[[tools."go:golang.org/x/tools/cmd/goimports"]]
version = "0.46.0"
backend = "go:golang.org/x/tools/cmd/goimports"

[[tools.golangci-lint]]
version = "2.12.2"
backend = "aqua:golangci/golangci-lint"

[tools.golangci-lint."platforms.linux-arm64"]
checksum = "sha256:44cd40a8c76c86755375adfeea52cfd3533cb43d7bd647771e0ae065e166df3a"
url = "https://github.com/golangci/golangci-lint/releases/download/v2.12.2/golangci-lint-2.12.2-linux-arm64.tar.gz"

[tools.golangci-lint."platforms.linux-arm64-musl"]
checksum = "sha256:44cd40a8c76c86755375adfeea52cfd3533cb43d7bd647771e0ae065e166df3a"
url = "https://github.com/golangci/golangci-lint/releases/download/v2.12.2/golangci-lint-2.12.2-linux-arm64.tar.gz"

[tools.golangci-lint."platforms.linux-x64"]
checksum = "sha256:8df580d2670fed8fa984aac0507099af8df275e665215f5c7a2ae3943893a553"
url = "https://github.com/golangci/golangci-lint/releases/download/v2.12.2/golangci-lint-2.12.2-linux-amd64.tar.gz"

[tools.golangci-lint."platforms.linux-x64-musl"]
checksum = "sha256:8df580d2670fed8fa984aac0507099af8df275e665215f5c7a2ae3943893a553"
url = "https://github.com/golangci/golangci-lint/releases/download/v2.12.2/golangci-lint-2.12.2-linux-amd64.tar.gz"

[tools.golangci-lint."platforms.macos-arm64"]
checksum = "sha256:a9c54498731b3128f79e090be6110f3e5fffccc617b08142ed244d4126c73f29"
url = "https://github.com/golangci/golangci-lint/releases/download/v2.12.2/golangci-lint-2.12.2-darwin-arm64.tar.gz"

[tools.golangci-lint."platforms.macos-x64"]
checksum = "sha256:f6f06d94b6241521c53d15450c5209b028270bf966f842afb11c030c79f5bc16"
url = "https://github.com/golangci/golangci-lint/releases/download/v2.12.2/golangci-lint-2.12.2-darwin-amd64.tar.gz"

[tools.golangci-lint."platforms.windows-x64"]
checksum = "sha256:bd42e3ebc8cb4ececb86941983baaf1dc221bbb04d838e94ce63b49cc91e02bb"
url = "https://github.com/golangci/golangci-lint/releases/download/v2.12.2/golangci-lint-2.12.2-windows-amd64.zip"

[[tools.lua]]
version = "5.5.0"
backend = "asdf:lua"

[tools.lua."platforms.linux-arm64"]
url = "https://www.lua.org/ftp/lua-5.5.0.tar.gz"

[tools.lua."platforms.linux-arm64-musl"]
url = "https://www.lua.org/ftp/lua-5.5.0.tar.gz"

[tools.lua."platforms.linux-x64"]
url = "https://www.lua.org/ftp/lua-5.5.0.tar.gz"

[tools.lua."platforms.linux-x64-musl"]
url = "https://www.lua.org/ftp/lua-5.5.0.tar.gz"

[tools.lua."platforms.macos-arm64"]
url = "https://www.lua.org/ftp/lua-5.5.0.tar.gz"

[tools.lua."platforms.macos-x64"]
url = "https://www.lua.org/ftp/lua-5.5.0.tar.gz"

[tools.lua."platforms.windows-x64"]
url = "https://www.lua.org/ftp/lua-5.5.0.tar.gz"

[[tools.node]]
version = "26.3.1"
backend = "core:node"

[tools.node."platforms.linux-arm64"]
checksum = "sha256:2f0829b201e9db20996ae15bce62138df1e3d317775b005778b05cf7b19714f1"
url = "https://nodejs.org/dist/v26.3.1/node-v26.3.1-linux-arm64.tar.gz"

[tools.node."platforms.linux-arm64-musl"]
checksum = "sha256:e9d31a59e9164ad4be47e3148fc54964a9c275394f367e127eed1a0b3009c706"
url = "https://unofficial-builds.nodejs.org/download/release/v26.3.1/node-v26.3.1-linux-arm64-musl.tar.gz"

[tools.node."platforms.linux-x64"]
checksum = "sha256:e892cd615e637edebcf22f9653d80fba63167ad6754d20881fd52cc37be81441"
url = "https://nodejs.org/dist/v26.3.1/node-v26.3.1-linux-x64.tar.gz"

[tools.node."platforms.linux-x64-musl"]
checksum = "sha256:4d1a7bebcc0ee2534edc2d5f93cad34435ed4b601766d26b706c043727d4cca5"
url = "https://unofficial-builds.nodejs.org/download/release/v26.3.1/node-v26.3.1-linux-x64-musl.tar.gz"

[tools.node."platforms.macos-arm64"]
checksum = "sha256:3f624ab0d774553c0d28b968e141d8c676a35a2811fb0b7b356ba9cbdce15f74"
url = "https://nodejs.org/dist/v26.3.1/node-v26.3.1-darwin-arm64.tar.gz"

[tools.node."platforms.macos-x64"]
checksum = "sha256:3ec9e5a28c641c088f3d04ad38721bfdedb2f8aa8c031979fa93df08b5a92e58"
url = "https://nodejs.org/dist/v26.3.1/node-v26.3.1-darwin-x64.tar.gz"

[tools.node."platforms.windows-x64"]
checksum = "sha256:45001b289ebffe7b22260898f3750059183d8246042b88e8ffa4337e65e6763e"
url = "https://nodejs.org/dist/v26.3.1/node-v26.3.1-win-x64.zip"

[[tools."npm:@mcpjam/inspector"]]
version = "2.18.0"
backend = "npm:@mcpjam/inspector"

[[tools."npm:@mermaid-js/mermaid-cli"]]
version = "11.15.0"
backend = "npm:@mermaid-js/mermaid-cli"

[[tools."npm:@openai/codex"]]
version = "0.141.0"
backend = "npm:@openai/codex"

[[tools."npm:ccstatusline"]]
version = "2.2.22"
backend = "npm:ccstatusline"

[[tools."npm:chrome-devtools-mcp"]]
version = "1.2.0"
backend = "npm:chrome-devtools-mcp"

[[tools."npm:jwt-cli"]]
version = "2.0.0"
backend = "npm:jwt-cli"

[[tools."npm:mcp-hub"]]
version = "4.2.1"
backend = "npm:mcp-hub"

[[tools."npm:prettier"]]
version = "3.8.4"
backend = "npm:prettier"

[[tools."npm:sort-package-json"]]
version = "4.0.0"
backend = "npm:sort-package-json"

[[tools.opencode]]
version = "1.17.9"
backend = "aqua:anomalyco/opencode"

[tools.opencode."platforms.linux-arm64"]
checksum = "sha256:8cc511f9794e575e5d3c4c2654930d05670186df649c26b50889ac73c65dde21"
url = "https://github.com/anomalyco/opencode/releases/download/v1.17.9/opencode-linux-arm64.tar.gz"

[tools.opencode."platforms.linux-arm64-musl"]
checksum = "sha256:be7718d83a942ae3c833ba80b3675134b3dff2cb3ce16637b012674cb3632217"
url = "https://github.com/anomalyco/opencode/releases/download/v1.17.9/opencode-linux-arm64-musl.tar.gz"

[tools.opencode."platforms.linux-x64"]
checksum = "sha256:85aeac95258d409d16ca34f1cfcd74c78d9d1a70b0a4154128b588e1405384f9"
url = "https://github.com/anomalyco/opencode/releases/download/v1.17.9/opencode-linux-x64.tar.gz"

[tools.opencode."platforms.linux-x64-musl"]
checksum = "sha256:11dc4541369add43315c1d58777838b712f38952d836ed734801d5ad1f0cee0f"
url = "https://github.com/anomalyco/opencode/releases/download/v1.17.9/opencode-linux-x64-musl.tar.gz"

[tools.opencode."platforms.macos-arm64"]
checksum = "sha256:913d813a88ca4f6209b9c48e548bd376eef4d1e74c2bb113aa91aa96c784d332"
url = "https://github.com/anomalyco/opencode/releases/download/v1.17.9/opencode-darwin-arm64.zip"

[tools.opencode."platforms.macos-x64"]
checksum = "sha256:8174a53ab3f8bbcc633c6e7d914258f1572e133bd008882c489cb4dbac60115d"
url = "https://github.com/anomalyco/opencode/releases/download/v1.17.9/opencode-darwin-x64.zip"

[tools.opencode."platforms.windows-x64"]
checksum = "sha256:d1a97aa05e5795dbb8591b9732d9eafb7723de7952b884d05986a51fd31294c7"
url = "https://github.com/anomalyco/opencode/releases/download/v1.17.9/opencode-windows-x64.zip"

[[tools.pipx]]
version = "1.14.1"
backend = "aqua:pypa/pipx"

[tools.pipx."platforms.linux-arm64"]
checksum = "sha256:4ca0f4ea421bac9cf47f0479d37c373048257eb00ab95551c8b9aa4a837c467d"
url = "https://github.com/pypa/pipx/releases/download/1.14.1/pipx.pyz"

[tools.pipx."platforms.linux-arm64-musl"]
checksum = "sha256:4ca0f4ea421bac9cf47f0479d37c373048257eb00ab95551c8b9aa4a837c467d"
url = "https://github.com/pypa/pipx/releases/download/1.14.1/pipx.pyz"

[tools.pipx."platforms.linux-x64"]
checksum = "sha256:4ca0f4ea421bac9cf47f0479d37c373048257eb00ab95551c8b9aa4a837c467d"
url = "https://github.com/pypa/pipx/releases/download/1.14.1/pipx.pyz"

[tools.pipx."platforms.linux-x64-musl"]
checksum = "sha256:4ca0f4ea421bac9cf47f0479d37c373048257eb00ab95551c8b9aa4a837c467d"
url = "https://github.com/pypa/pipx/releases/download/1.14.1/pipx.pyz"

[tools.pipx."platforms.macos-arm64"]
checksum = "sha256:4ca0f4ea421bac9cf47f0479d37c373048257eb00ab95551c8b9aa4a837c467d"
url = "https://github.com/pypa/pipx/releases/download/1.14.1/pipx.pyz"

[tools.pipx."platforms.macos-x64"]
checksum = "sha256:4ca0f4ea421bac9cf47f0479d37c373048257eb00ab95551c8b9aa4a837c467d"
url = "https://github.com/pypa/pipx/releases/download/1.14.1/pipx.pyz"

[[tools."pipx:petname"]]
version = "2.9"
backend = "pipx:petname"

[[tools."pipx:sqlit-tui"]]
version = "1.5.1"
backend = "pipx:sqlit-tui"

[[tools.pnpm]]
version = "11.8.0"
backend = "aqua:pnpm/pnpm"

[tools.pnpm."platforms.linux-arm64"]
checksum = "sha256:251222a30b3dcf6bc1c30c44fe3fdcd0bd4b2b06dd29f6a549647e56fa51548c"
url = "https://github.com/pnpm/pnpm/releases/download/v11.8.0/pnpm-linux-arm64.tar.gz"
provenance = "github-attestations"

[tools.pnpm."platforms.linux-arm64-musl"]
checksum = "sha256:dbc5077793d76d6318ea9a0b9c250327b12afaab4473b02549ee232f2d7b55b3"
url = "https://github.com/pnpm/pnpm/releases/download/v11.8.0/pnpm-linux-arm64-musl.tar.gz"
provenance = "github-attestations"

[tools.pnpm."platforms.linux-x64"]
checksum = "sha256:86b9aa5362b06cc61f5e829e41614ffda2fbda09993b8e84176feaa3c97b9532"
url = "https://github.com/pnpm/pnpm/releases/download/v11.8.0/pnpm-linux-x64.tar.gz"
provenance = "github-attestations"

[tools.pnpm."platforms.linux-x64-musl"]
checksum = "sha256:c22f99ca91ec4bab1f37114ed3eacc23e68da72573f42e72ebfafaeaa1131167"
url = "https://github.com/pnpm/pnpm/releases/download/v11.8.0/pnpm-linux-x64-musl.tar.gz"
provenance = "github-attestations"

[tools.pnpm."platforms.macos-arm64"]
checksum = "sha256:7c9ef7523abf1190a2fde2b81dd652260d1679ba471c09950e8a08fa772c06e2"
url = "https://github.com/pnpm/pnpm/releases/download/v11.8.0/pnpm-darwin-arm64.tar.gz"
provenance = "github-attestations"

[tools.pnpm."platforms.windows-x64"]
checksum = "sha256:8cf6951ade777eeb7e4665fdcaefe77942724b217690eb3fa2f0b27c67b4310c"
url = "https://github.com/pnpm/pnpm/releases/download/v11.8.0/pnpm-win32-x64.zip"
provenance = "github-attestations"

[[tools.python]]
version = "3.14.6"
backend = "core:python"

[tools.python."platforms.linux-arm64"]
checksum = "sha256:9124d5c41739d78a446f1f29c1953bf41071abcbf18e6daec201a27608648195"
url = "https://github.com/astral-sh/python-build-standalone/releases/download/20260610/cpython-3.14.6+20260610-aarch64-unknown-linux-gnu-install_only_stripped.tar.gz"

[tools.python."platforms.linux-arm64-musl"]
checksum = "sha256:5c75bea22f425ebc94912c618518a5aa4753eedeea6b5da5939f027d3a9c0fec"
url = "https://github.com/astral-sh/python-build-standalone/releases/download/20260610/cpython-3.14.6+20260610-aarch64-unknown-linux-musl-install_only_stripped.tar.gz"

[tools.python."platforms.linux-x64"]
checksum = "sha256:0881fbde2c78605720fb2e240d1a6df38652a896e40a5fce2e10908dbee5f5b7"
url = "https://github.com/astral-sh/python-build-standalone/releases/download/20260610/cpython-3.14.6+20260610-x86_64-unknown-linux-gnu-install_only_stripped.tar.gz"

[tools.python."platforms.linux-x64-musl"]
checksum = "sha256:54eca143d09ed3c596ecad5e3bfcb7724387818f8f984f44f3d8c0e9f36681d3"
url = "https://github.com/astral-sh/python-build-standalone/releases/download/20260610/cpython-3.14.6+20260610-x86_64-unknown-linux-musl-install_only_stripped.tar.gz"

[tools.python."platforms.macos-arm64"]
checksum = "blake3:0677b851c7d6b3f89667b4ac7a49a48b960eba913a74c34724a2decc3c56367a"
url = "https://github.com/astral-sh/python-build-standalone/releases/download/20260610/cpython-3.14.6+20260610-aarch64-apple-darwin-install_only_stripped.tar.gz"

[tools.python."platforms.macos-x64"]
checksum = "sha256:6f85cbb2a0fef4b90fc63aadcfe383c22db5eb7933066ca6ea384828a6b3f2d2"
url = "https://github.com/astral-sh/python-build-standalone/releases/download/20260610/cpython-3.14.6+20260610-x86_64-apple-darwin-install_only_stripped.tar.gz"

[tools.python."platforms.windows-x64"]
checksum = "sha256:49f0c7e8d1c2eaba70c5516ca6c01b6b766f6ff473f1209a76fd01783e7c75ae"
url = "https://github.com/astral-sh/python-build-standalone/releases/download/20260610/cpython-3.14.6+20260610-x86_64-pc-windows-msvc-install_only_stripped.tar.gz"

[[tools.rust]]
version = "1.96.0"
backend = "core:rust"

[tools.rust.options]
components = "clippy,rust-analyzer"

[[tools.spin]]
version = "1.30.0"
backend = "aqua:spinnaker/spin"

[tools.spin."platforms.linux-x64"]
url = "https://storage.googleapis.com/spinnaker-artifacts/spin/1.30.0/linux/amd64/spin"

[tools.spin."platforms.linux-x64-musl"]
url = "https://storage.googleapis.com/spinnaker-artifacts/spin/1.30.0/linux/amd64/spin"

[tools.spin."platforms.macos-arm64"]
checksum = "blake3:9effc9c0a714e4d6434f139423c265251cab71ea407502f6f296ea23fdfe6624"
url = "https://storage.googleapis.com/spinnaker-artifacts/spin/1.30.0/darwin/amd64/spin"

[tools.spin."platforms.macos-x64"]
url = "https://storage.googleapis.com/spinnaker-artifacts/spin/1.30.0/darwin/amd64/spin"

[tools.spin."platforms.windows-x64"]
url = "https://storage.googleapis.com/spinnaker-artifacts/spin/1.30.0/windows/amd64/spin.exe"

[[tools.usage]]
version = "3.5.2"
backend = "aqua:jdx/usage"

[tools.usage."platforms.linux-arm64"]
checksum = "sha256:ef4b872c9c371e8c200c53f0610295d6318d7281bf73e211e6d9eb865a19d98e"
url = "https://github.com/jdx/usage/releases/download/v3.5.2/usage-aarch64-unknown-linux-musl.tar.gz"

[tools.usage."platforms.linux-arm64-musl"]
checksum = "sha256:ef4b872c9c371e8c200c53f0610295d6318d7281bf73e211e6d9eb865a19d98e"
url = "https://github.com/jdx/usage/releases/download/v3.5.2/usage-aarch64-unknown-linux-musl.tar.gz"

[tools.usage."platforms.linux-x64"]
checksum = "sha256:be7d66c000940a604001fc0dbe2e340ade00d949b46ae41a434853c1873d7f1d"
url = "https://github.com/jdx/usage/releases/download/v3.5.2/usage-x86_64-unknown-linux-musl.tar.gz"

[tools.usage."platforms.linux-x64-musl"]
checksum = "sha256:be7d66c000940a604001fc0dbe2e340ade00d949b46ae41a434853c1873d7f1d"
url = "https://github.com/jdx/usage/releases/download/v3.5.2/usage-x86_64-unknown-linux-musl.tar.gz"

[tools.usage."platforms.macos-arm64"]
checksum = "sha256:e2a6380f037cdf25f4b355d1ae2387bef12c2b624b7901d284d42a57d12212e6"
url = "https://github.com/jdx/usage/releases/download/v3.5.2/usage-universal-apple-darwin.tar.gz"

[tools.usage."platforms.macos-x64"]
checksum = "sha256:e2a6380f037cdf25f4b355d1ae2387bef12c2b624b7901d284d42a57d12212e6"
url = "https://github.com/jdx/usage/releases/download/v3.5.2/usage-universal-apple-darwin.tar.gz"

[tools.usage."platforms.windows-x64"]
checksum = "sha256:709843742514bd0bb669568d87c4dc5261ef7465e48bbeaad4de9084be3d735a"
url = "https://github.com/jdx/usage/releases/download/v3.5.2/usage-x86_64-pc-windows-msvc.zip"

[[tools.uv]]
version = "0.11.23"
backend = "asdf:uv"
